
Microsoft Visual Studio Solution File, Format Version 12.00
# Visual Studio Version 17
VisualStudioVersion = 17.6.33712.159
MinimumVisualStudioVersion = 10.0.40219.1
Project("{FAE04EC0-301F-11D3-BF4B-00C04F79EFBC}") = "Kafka.Producer", "Kafka.Producer\Kafka.Producer.csproj", "{216F1170-4FE0-4906-A8F6-E2D808F6D4D5}"
EndProject
Global
	GlobalSection(SolutionConfigurationPlatforms) = preSolution
		Debug|Any CPU = Debug|Any CPU
		Release|Any CPU = Release|Any CPU
	EndGlobalSection
	GlobalSection(ProjectConfigurationPlatforms) = postSolution
		{216F1170-4FE0-4906-A8F6-E2D808F6D4D5}.Debug|Any CPU.ActiveCfg = Debug|Any CPU
		{216F1170-4FE0-4906-A8F6-E2D808F6D4D5}.Debug|Any CPU.Build.0 = Debug|Any CPU
		{216F1170-4FE0-4906-A8F6-E2D808F6D4D5}.Release|Any CPU.ActiveCfg = Release|Any CPU
		{216F1170-4FE0-4906-A8F6-E2D808F6D4D5}.Release|Any CPU.Build.0 = Release|Any CPU
	EndGlobalSection
	GlobalSection(SolutionProperties) = preSolution
		HideSolutionNode = FALSE
	EndGlobalSection
	GlobalSection(ExtensibilityGlobals) = postSolution
		SolutionGuid = {9DEE7B53-0555-418E-955C-612947298CA9}
	EndGlobalSection
EndGlobal
